
Microsoft Visual Studio Solution File, Format Version 12.00
# Visual Studio Version 17
VisualStudioVersion = 17.7.34018.315
MinimumVisualStudioVersion = 10.0.40219.1
Project("{FAE04EC0-301F-11D3-BF4B-00C04F79EFBC}") = "mittandraförsök", "mittandraförsök\mittandraförsök.csproj", "{01644359-65EB-43E9-B94E-BC3FA40A44F4}"
EndProject
Global
	GlobalSection(SolutionConfigurationPlatforms) = preSolution
		Debug|Any CPU = Debug|Any CPU
		Release|Any CPU = Release|Any CPU
	EndGlobalSection
	GlobalSection(ProjectConfigurationPlatforms) = postSolution
		{01644359-65EB-43E9-B94E-BC3FA40A44F4}.Debug|Any CPU.ActiveCfg = Debug|Any CPU
		{01644359-65EB-43E9-B94E-BC3FA40A44F4}.Debug|Any CPU.Build.0 = Debug|Any CPU
		{01644359-65EB-43E9-B94E-BC3FA40A44F4}.Release|Any CPU.ActiveCfg = Release|Any CPU
		{01644359-65EB-43E9-B94E-BC3FA40A44F4}.Release|Any CPU.Build.0 = Release|Any CPU
	EndGlobalSection
	GlobalSection(SolutionProperties) = preSolution
		HideSolutionNode = FALSE
	EndGlobalSection
	GlobalSection(ExtensibilityGlobals) = postSolution
		SolutionGuid = {BF375AF3-54C2-40B9-9F1E-4C6F184F4682}
	EndGlobalSection
EndGlobal
